
Microsoft Visual Studio Solution File, Format Version 12.00
# Visual Studio Version 17
VisualStudioVersion = 17.5.002.0
MinimumVisualStudioVersion = 10.0.40219.1
Project("{9A19103F-16F7-4668-BE54-9A1E7A4F7556}") = "RazorPagesMovie", "RazorPagesMovie.csproj", "{F97FB247-63BC-47C0-9370-6A758784E3A8}"
EndProject
Project("{FAE04EC0-301F-11D3-BF4B-00C04F79EFBC}") = "RazorPagesMovie.Tests", "RazorPagesMovie.Tests\RazorPagesMovie.Tests.csproj", "{4F0A8CCE-220C-4C4A-8C94-399F51E8E092}"
EndProject
Global
	GlobalSection(SolutionConfigurationPlatforms) = preSolution
		Debug|Any CPU = Debug|Any CPU
		Release|Any CPU = Release|Any CPU
	EndGlobalSection
	GlobalSection(ProjectConfigurationPlatforms) = postSolution
		{F97FB247-63BC-47C0-9370-6A758784E3A8}.Debug|Any CPU.ActiveCfg = Debug|Any CPU
		{F97FB247-63BC-47C0-9370-6A758784E3A8}.Debug|Any CPU.Build.0 = Debug|Any CPU
		{F97FB247-63BC-47C0-9370-6A758784E3A8}.Release|Any CPU.ActiveCfg = Release|Any CPU
		{F97FB247-63BC-47C0-9370-6A758784E3A8}.Release|Any CPU.Build.0 = Release|Any CPU
		{4F0A8CCE-220C-4C4A-8C94-399F51E8E092}.Debug|Any CPU.ActiveCfg = Debug|Any CPU
		{4F0A8CCE-220C-4C4A-8C94-399F51E8E092}.Debug|Any CPU.Build.0 = Debug|Any CPU
		{4F0A8CCE-220C-4C4A-8C94-399F51E8E092}.Release|Any CPU.ActiveCfg = Release|Any CPU
		{4F0A8CCE-220C-4C4A-8C94-399F51E8E092}.Release|Any CPU.Build.0 = Release|Any CPU
	EndGlobalSection
	GlobalSection(SolutionProperties) = preSolution
		HideSolutionNode = FALSE
	EndGlobalSection
	GlobalSection(ExtensibilityGlobals) = postSolution
		SolutionGuid = {A75B596F-88DF-455E-9C86-6703B16A2CFB}
	EndGlobalSection
EndGlobal
